
Microsoft Visual Studio Solution File, Format Version 12.00
# Visual Studio Version 16
VisualStudioVersion = 16.0.29806.167
MinimumVisualStudioVersion = 10.0.40219.1
Project("{FAE04EC0-301F-11D3-BF4B-00C04F79EFBC}") = "FileHandler", "FileHandler\FileHandler.csproj", "{1F85F7B5-E482-4F5C-A538-A672B6D7ACE6}"
EndProject
Project("{FAE04EC0-301F-11D3-BF4B-00C04F79EFBC}") = "Module5Linq2db", "Module5Linq2db\Module5Linq2db.csproj", "{592483F7-5061-47F1-8FD6-B096EE5857D9}"
EndProject
Global
	GlobalSection(SolutionConfigurationPlatforms) = preSolution
		Debug|Any CPU = Debug|Any CPU
		Release|Any CPU = Release|Any CPU
	EndGlobalSection
	GlobalSection(ProjectConfigurationPlatforms) = postSolution
		{1F85F7B5-E482-4F5C-A538-A672B6D7ACE6}.Debug|Any CPU.ActiveCfg = Debug|Any CPU
		{1F85F7B5-E482-4F5C-A538-A672B6D7ACE6}.Debug|Any CPU.Build.0 = Debug|Any CPU
		{1F85F7B5-E482-4F5C-A538-A672B6D7ACE6}.Release|Any CPU.ActiveCfg = Release|Any CPU
		{1F85F7B5-E482-4F5C-A538-A672B6D7ACE6}.Release|Any CPU.Build.0 = Release|Any CPU
		{592483F7-5061-47F1-8FD6-B096EE5857D9}.Debug|Any CPU.ActiveCfg = Debug|Any CPU
		{592483F7-5061-47F1-8FD6-B096EE5857D9}.Debug|Any CPU.Build.0 = Debug|Any CPU
		{592483F7-5061-47F1-8FD6-B096EE5857D9}.Release|Any CPU.ActiveCfg = Release|Any CPU
		{592483F7-5061-47F1-8FD6-B096EE5857D9}.Release|Any CPU.Build.0 = Release|Any CPU
	EndGlobalSection
	GlobalSection(SolutionProperties) = preSolution
		HideSolutionNode = FALSE
	EndGlobalSection
	GlobalSection(ExtensibilityGlobals) = postSolution
		SolutionGuid = {14BC41A5-532E-4C25-9811-431BCD8DB4C8}
	EndGlobalSection
EndGlobal
